// !$*UTF8*$!
{
	archiveVersion = 1;
	classes = {
	};
	objectVersion = 52;
	objects = {

/* Begin PBXBuildFile section */
		63351AFF267B134D00F27D85 /* CardViewModel.swift in Sources */ = {isa = PBXBuildFile; fileRef = 63351AFE267B134D00F27D85 /* CardViewModel.swift */; };
		633B96C0267AC2E600FC88DB /* GitUser.swift in Sources */ = {isa = PBXBuildFile; fileRef = 633B96BF267AC2E600FC88DB /* GitUser.swift */; };
		6344F9E726782A5300D608CB /* API.swift in Sources */ = {isa = PBXBuildFile; fileRef = 6344F9E626782A5300D608CB /* API.swift */; };
		635466182679D41A007B98CD /* ProfileHeaderView.swift in Sources */ = {isa = PBXBuildFile; fileRef = 635466172679D41A007B98CD /* ProfileHeaderView.swift */; };
		635466202679D6B9007B98CD /* CardView.swift in Sources */ = {isa = PBXBuildFile; fileRef = 6354661F2679D6B9007B98CD /* CardView.swift */; };
		635466252679EC2C007B98CD /* ContentViewModel.swift in Sources */ = {isa = PBXBuildFile; fileRef = 635466242679EC2C007B98CD /* ContentViewModel.swift */; };
		6354662D267A00C4007B98CD /* ProfileHeaderViewModel.swift in Sources */ = {isa = PBXBuildFile; fileRef = 6354662C267A00C4007B98CD /* ProfileHeaderViewModel.swift */; };
		636F1708267809F100DC6383 /* Github_ProfileApp.swift in Sources */ = {isa = PBXBuildFile; fileRef = 636F1707267809F100DC6383 /* Github_ProfileApp.swift */; };
		636F170A267809F100DC6383 /* ContentView.swift in Sources */ = {isa = PBXBuildFile; fileRef = 636F1709267809F100DC6383 /* ContentView.swift */; };
		636F170C267809F200DC6383 /* Assets.xcassets in Resources */ = {isa = PBXBuildFile; fileRef = 636F170B267809F200DC6383 /* Assets.xcassets */; };
		636F170F267809F200DC6383 /* Preview Assets.xcassets in Resources */ = {isa = PBXBuildFile; fileRef = 636F170E267809F200DC6383 /* Preview Assets.xcassets */; };
		636F171A267809F200DC6383 /* Github_ProfileTests.swift in Sources */ = {isa = PBXBuildFile; fileRef = 636F1719267809F200DC6383 /* Github_ProfileTests.swift */; };
		636F1725267809F200DC6383 /* Github_ProfileUITests.swift in Sources */ = {isa = PBXBuildFile; fileRef = 636F1724267809F200DC6383 /* Github_ProfileUITests.swift */; };
		63722D58267816470078DCB4 /* ApolloCore in Frameworks */ = {isa = PBXBuildFile; productRef = 63722D57267816470078DCB4 /* ApolloCore */; };
		63722D5A267816470078DCB4 /* ApolloSQLite in Frameworks */ = {isa = PBXBuildFile; productRef = 63722D59267816470078DCB4 /* ApolloSQLite */; };
		63722D5C267816470078DCB4 /* ApolloWebSocket in Frameworks */ = {isa = PBXBuildFile; productRef = 63722D5B267816470078DCB4 /* ApolloWebSocket */; };
		63722D5E267816470078DCB4 /* Apollo in Frameworks */ = {isa = PBXBuildFile; productRef = 63722D5D267816470078DCB4 /* Apollo */; };
		63722D60267816470078DCB4 /* ApolloCodegenLib in Frameworks */ = {isa = PBXBuildFile; productRef = 63722D5F267816470078DCB4 /* ApolloCodegenLib */; };
		63722D65267817A40078DCB4 /* schema.json in Resources */ = {isa = PBXBuildFile; fileRef = 63722D64267817A40078DCB4 /* schema.json */; };
		63722D782678221B0078DCB4 /* Apollo.swift in Sources */ = {isa = PBXBuildFile; fileRef = 63722D752678221B0078DCB4 /* Apollo.swift */; };
		63722D7A2678221B0078DCB4 /* Queries.graphql in Resources */ = {isa = PBXBuildFile; fileRef = 63722D772678221B0078DCB4 /* Queries.graphql */; };
		63810E00267CAAC000B86FD5 /* UrlImageModel.swift in Sources */ = {isa = PBXBuildFile; fileRef = 63810DFF267CAAC000B86FD5 /* UrlImageModel.swift */; };
		63810E0B267CBE3300B86FD5 /* ImageCache.swift in Sources */ = {isa = PBXBuildFile; fileRef = 63810E0A267CBE3300B86FD5 /* ImageCache.swift */; };
		63B2C31A2682B6B800955720 /* SectionHeaderView.swift in Sources */ = {isa = PBXBuildFile; fileRef = 63B2C3192682B6B800955720 /* SectionHeaderView.swift */; };
/* End PBXBuildFile section */

/* Begin PBXContainerItemProxy section */
		636F1716267809F200DC6383 /* PBXContainerItemProxy */ = {
			isa = PBXContainerItemProxy;
			containerPortal = 636F16FC267809F100DC6383 /* Project object */;
			proxyType = 1;
			remoteGlobalIDString = 636F1703267809F100DC6383;
			remoteInfo = "Github Profile";
		};
		636F1721267809F200DC6383 /* PBXContainerItemProxy */ = {
			isa = PBXContainerItemProxy;
			containerPortal = 636F16FC267809F100DC6383 /* Project object */;
			proxyType = 1;
			remoteGlobalIDString = 636F1703267809F100DC6383;
			remoteInfo = "Github Profile";
		};
/* End PBXContainerItemProxy section */

/* Begin PBXFileReference section */
		63351AFE267B134D00F27D85 /* CardViewModel.swift */ = {isa = PBXFileReference; lastKnownFileType = sourcecode.swift; path = CardViewModel.swift; sourceTree = "<group>"; };
		633B96BF267AC2E600FC88DB /* GitUser.swift */ = {isa = PBXFileReference; lastKnownFileType = sourcecode.swift; path = GitUser.swift; sourceTree = "<group>"; };
		6344F9E626782A5300D608CB /* API.swift */ = {isa = PBXFileReference; fileEncoding = 4; lastKnownFileType = sourcecode.swift; path = API.swift; sourceTree = "<group>"; };
		635466172679D41A007B98CD /* ProfileHeaderView.swift */ = {isa = PBXFileReference; lastKnownFileType = sourcecode.swift; path = ProfileHeaderView.swift; sourceTree = "<group>"; };
		6354661F2679D6B9007B98CD /* CardView.swift */ = {isa = PBXFileReference; lastKnownFileType = sourcecode.swift; path = CardView.swift; sourceTree = "<group>"; };
		635466242679EC2C007B98CD /* ContentViewModel.swift */ = {isa = PBXFileReference; lastKnownFileType = sourcecode.swift; path = ContentViewModel.swift; sourceTree = "<group>"; };
		6354662C267A00C4007B98CD /* ProfileHeaderViewModel.swift */ = {isa = PBXFileReference; lastKnownFileType = sourcecode.swift; path = ProfileHeaderViewModel.swift; sourceTree = "<group>"; };
		636F1704267809F100DC6383 /* Github Profile.app */ = {isa = PBXFileReference; explicitFileType = wrapper.application; includeInIndex = 0; path = "Github Profile.app"; sourceTree = BUILT_PRODUCTS_DIR; };
		636F1707267809F100DC6383 /* Github_ProfileApp.swift */ = {isa = PBXFileReference; lastKnownFileType = sourcecode.swift; path = Github_ProfileApp.swift; sourceTree = "<group>"; };
		636F1709267809F100DC6383 /* ContentView.swift */ = {isa = PBXFileReference; lastKnownFileType = sourcecode.swift; path = ContentView.swift; sourceTree = "<group>"; };
		636F170B267809F200DC6383 /* Assets.xcassets */ = {isa = PBXFileReference; lastKnownFileType = folder.assetcatalog; path = Assets.xcassets; sourceTree = "<group>"; };
		636F170E267809F200DC6383 /* Preview Assets.xcassets */ = {isa = PBXFileReference; lastKnownFileType = folder.assetcatalog; path = "Preview Assets.xcassets"; sourceTree = "<group>"; };
		636F1710267809F200DC6383 /* Info.plist */ = {isa = PBXFileReference; lastKnownFileType = text.plist.xml; path = Info.plist; sourceTree = "<group>"; };
		636F1715267809F200DC6383 /* Github ProfileTests.xctest */ = {isa = PBXFileReference; explicitFileType = wrapper.cfbundle; includeInIndex = 0; path = "Github ProfileTests.xctest"; sourceTree = BUILT_PRODUCTS_DIR; };
		636F1719267809F200DC6383 /* Github_ProfileTests.swift */ = {isa = PBXFileReference; lastKnownFileType = sourcecode.swift; path = Github_ProfileTests.swift; sourceTree = "<group>"; };
		636F171B267809F200DC6383 /* Info.plist */ = {isa = PBXFileReference; lastKnownFileType = text.plist.xml; path = Info.plist; sourceTree = "<group>"; };
		636F1720267809F200DC6383 /* Github ProfileUITests.xctest */ = {isa = PBXFileReference; explicitFileType = wrapper.cfbundle; includeInIndex = 0; path = "Github ProfileUITests.xctest"; sourceTree = BUILT_PRODUCTS_DIR; };
		636F1724267809F200DC6383 /* Github_ProfileUITests.swift */ = {isa = PBXFileReference; lastKnownFileType = sourcecode.swift; path = Github_ProfileUITests.swift; sourceTree = "<group>"; };
		636F1726267809F200DC6383 /* Info.plist */ = {isa = PBXFileReference; lastKnownFileType = text.plist.xml; path = Info.plist; sourceTree = "<group>"; };
		63722D64267817A40078DCB4 /* schema.json */ = {isa = PBXFileReference; fileEncoding = 4; lastKnownFileType = text.json; path = schema.json; sourceTree = "<group>"; };
		63722D752678221B0078DCB4 /* Apollo.swift */ = {isa = PBXFileReference; fileEncoding = 4; lastKnownFileType = sourcecode.swift; path = Apollo.swift; sourceTree = "<group>"; };
		63722D772678221B0078DCB4 /* Queries.graphql */ = {isa = PBXFileReference; fileEncoding = 4; lastKnownFileType = text; path = Queries.graphql; sourceTree = "<group>"; };
		63810DFF267CAAC000B86FD5 /* UrlImageModel.swift */ = {isa = PBXFileReference; lastKnownFileType = sourcecode.swift; path = UrlImageModel.swift; sourceTree = "<group>"; };
		63810E0A267CBE3300B86FD5 /* ImageCache.swift */ = {isa = PBXFileReference; lastKnownFileType = sourcecode.swift; path = ImageCache.swift; sourceTree = "<group>"; };
		63B2C3192682B6B800955720 /* SectionHeaderView.swift */ = {isa = PBXFileReference; lastKnownFileType = sourcecode.swift; path = SectionHeaderView.swift; sourceTree = "<group>"; };
/* End PBXFileReference section */

/* Begin PBXFrameworksBuildPhase section */
		636F1701267809F100DC6383 /* Frameworks */ = {
			isa = PBXFrameworksBuildPhase;
			buildActionMask = 2147483647;
			files = (
				63722D60267816470078DCB4 /* ApolloCodegenLib in Frameworks */,
				63722D58267816470078DCB4 /* ApolloCore in Frameworks */,
				63722D5E267816470078DCB4 /* Apollo in Frameworks */,
				63722D5C267816470078DCB4 /* ApolloWebSocket in Frameworks */,
				63722D5A267816470078DCB4 /* ApolloSQLite in Frameworks */,
			);
			runOnlyForDeploymentPostprocessing = 0;
		};
		636F1712267809F200DC6383 /* Frameworks */ = {
			isa = PBXFrameworksBuildPhase;
			buildActionMask = 2147483647;
			files = (
			);
			runOnlyForDeploymentPostprocessing = 0;
		};
		636F171D267809F200DC6383 /* Frameworks */ = {
			isa = PBXFrameworksBuildPhase;
			buildActionMask = 2147483647;
			files = (
			);
			runOnlyForDeploymentPostprocessing = 0;
		};
/* End PBXFrameworksBuildPhase section */

/* Begin PBXGroup section */
		636C6D90267D4AE900A76252 /* VVM */ = {
			isa = PBXGroup;
			children = (
				6354661F2679D6B9007B98CD /* CardView.swift */,
				63351AFE267B134D00F27D85 /* CardViewModel.swift */,
				636F1709267809F100DC6383 /* ContentView.swift */,
				635466242679EC2C007B98CD /* ContentViewModel.swift */,
				635466172679D41A007B98CD /* ProfileHeaderView.swift */,
				6354662C267A00C4007B98CD /* ProfileHeaderViewModel.swift */,
				63B2C3192682B6B800955720 /* SectionHeaderView.swift */,
			);
			path = VVM;
			sourceTree = "<group>";
		};
		636C6D9A267D4B3400A76252 /* Models */ = {
			isa = PBXGroup;
			children = (
				633B96BF267AC2E600FC88DB /* GitUser.swift */,
				63810DFF267CAAC000B86FD5 /* UrlImageModel.swift */,
				63810E0A267CBE3300B86FD5 /* ImageCache.swift */,
			);
			path = Models;
			sourceTree = "<group>";
		};
		636F16FB267809F100DC6383 = {
			isa = PBXGroup;
			children = (
				636F1706267809F100DC6383 /* Github Profile */,
				636F1718267809F200DC6383 /* Github ProfileTests */,
				636F1723267809F200DC6383 /* Github ProfileUITests */,
				636F1705267809F100DC6383 /* Products */,
			);
			sourceTree = "<group>";
		};
		636F1705267809F100DC6383 /* Products */ = {
			isa = PBXGroup;
			children = (
				636F1704267809F100DC6383 /* Github Profile.app */,
				636F1715267809F200DC6383 /* Github ProfileTests.xctest */,
				636F1720267809F200DC6383 /* Github ProfileUITests.xctest */,
			);
			name = Products;
			sourceTree = "<group>";
		};
		636F1706267809F100DC6383 /* Github Profile */ = {
			isa = PBXGroup;
			children = (
				636F1707267809F100DC6383 /* Github_ProfileApp.swift */,
				6344F9E626782A5300D608CB /* API.swift */,
				63722D64267817A40078DCB4 /* schema.json */,
				63722D7E267822260078DCB4 /* GraphQL */,
				636C6D90267D4AE900A76252 /* VVM */,
				636C6D9A267D4B3400A76252 /* Models */,
				636F170B267809F200DC6383 /* Assets.xcassets */,
				636F1710267809F200DC6383 /* Info.plist */,
				636F170D267809F200DC6383 /* Preview Content */,
			);
			path = "Github Profile";
			sourceTree = "<group>";
		};
		636F170D267809F200DC6383 /* Preview Content */ = {
			isa = PBXGroup;
			children = (
				636F170E267809F200DC6383 /* Preview Assets.xcassets */,
			);
			path = "Preview Content";
			sourceTree = "<group>";
		};
		636F1718267809F200DC6383 /* Github ProfileTests */ = {
			isa = PBXGroup;
			children = (
				636F1719267809F200DC6383 /* Github_ProfileTests.swift */,
				636F171B267809F200DC6383 /* Info.plist */,
			);
			path = "Github ProfileTests";
			sourceTree = "<group>";
		};
		636F1723267809F200DC6383 /* Github ProfileUITests */ = {
			isa = PBXGroup;
			children = (
				636F1724267809F200DC6383 /* Github_ProfileUITests.swift */,
				636F1726267809F200DC6383 /* Info.plist */,
			);
			path = "Github ProfileUITests";
			sourceTree = "<group>";
		};
		63722D7E267822260078DCB4 /* GraphQL */ = {
			isa = PBXGroup;
			children = (
				63722D752678221B0078DCB4 /* Apollo.swift */,
				63722D772678221B0078DCB4 /* Queries.graphql */,
			);
			path = GraphQL;
			sourceTree = "<group>";
		};
/* End PBXGroup section */

/* Begin PBXNativeTarget section */
		636F1703267809F100DC6383 /* Github Profile */ = {
			isa = PBXNativeTarget;
			buildConfigurationList = 636F1729267809F200DC6383 /* Build configuration list for PBXNativeTarget "Github Profile" */;
			buildPhases = (
				63722D6926781FF50078DCB4 /* Generate Apollo GraphQL API */,
				636F1700267809F100DC6383 /* Sources */,
				636F1701267809F100DC6383 /* Frameworks */,
				636F1702267809F100DC6383 /* Resources */,
			);
			buildRules = (
			);
			dependencies = (
			);
			name = "Github Profile";
			packageProductDependencies = (
				63722D57267816470078DCB4 /* ApolloCore */,
				63722D59267816470078DCB4 /* ApolloSQLite */,
				63722D5B267816470078DCB4 /* ApolloWebSocket */,
				63722D5D267816470078DCB4 /* Apollo */,
				63722D5F267816470078DCB4 /* ApolloCodegenLib */,
			);
			productName = "Github Profile";
			productReference = 636F1704267809F100DC6383 /* Github Profile.app */;
			productType = "com.apple.product-type.application";
		};
		636F1714267809F200DC6383 /* Github ProfileTests */ = {
			isa = PBXNativeTarget;
			buildConfigurationList = 636F172C267809F200DC6383 /* Build configuration list for PBXNativeTarget "Github ProfileTests" */;
			buildPhases = (
				636F1711267809F200DC6383 /* Sources */,
				636F1712267809F200DC6383 /* Frameworks */,
				636F1713267809F200DC6383 /* Resources */,
			);
			buildRules = (
			);
			dependencies = (
				636F1717267809F200DC6383 /* PBXTargetDependency */,
			);
			name = "Github ProfileTests";
			productName = "Github ProfileTests";
			productReference = 636F1715267809F200DC6383 /* Github ProfileTests.xctest */;
			productType = "com.apple.product-type.bundle.unit-test";
		};
		636F171F267809F200DC6383 /* Github ProfileUITests */ = {
			isa = PBXNativeTarget;
			buildConfigurationList = 636F172F267809F200DC6383 /* Build configuration list for PBXNativeTarget "Github ProfileUITests" */;
			buildPhases = (
				636F171C267809F200DC6383 /* Sources */,
				636F171D267809F200DC6383 /* Frameworks */,
				636F171E267809F200DC6383 /* Resources */,
			);
			buildRules = (
			);
			dependencies = (
				636F1722267809F200DC6383 /* PBXTargetDependency */,
			);
			name = "Github ProfileUITests";
			productName = "Github ProfileUITests";
			productReference = 636F1720267809F200DC6383 /* Github ProfileUITests.xctest */;
			productType = "com.apple.product-type.bundle.ui-testing";
		};
/* End PBXNativeTarget section */

/* Begin PBXProject section */
		636F16FC267809F100DC6383 /* Project object */ = {
			isa = PBXProject;
			attributes = {
				LastSwiftUpdateCheck = 1240;
				LastUpgradeCheck = 1240;
				TargetAttributes = {
					636F1703267809F100DC6383 = {
						CreatedOnToolsVersion = 12.4;
					};
					636F1714267809F200DC6383 = {
						CreatedOnToolsVersion = 12.4;
						TestTargetID = 636F1703267809F100DC6383;
					};
					636F171F267809F200DC6383 = {
						CreatedOnToolsVersion = 12.4;
						TestTargetID = 636F1703267809F100DC6383;
					};
				};
			};
			buildConfigurationList = 636F16FF267809F100DC6383 /* Build configuration list for PBXProject "Github Profile" */;
			compatibilityVersion = "Xcode 9.3";
			developmentRegion = en;
			hasScannedForEncodings = 0;
			knownRegions = (
				en,
				Base,
			);
			mainGroup = 636F16FB267809F100DC6383;
			packageReferences = (
				63722D56267816470078DCB4 /* XCRemoteSwiftPackageReference "apollo-ios" */,
			);
			productRefGroup = 636F1705267809F100DC6383 /* Products */;
			projectDirPath = "";
			projectRoot = "";
			targets = (
				636F1703267809F100DC6383 /* Github Profile */,
				636F1714267809F200DC6383 /* Github ProfileTests */,
				636F171F267809F200DC6383 /* Github ProfileUITests */,
			);
		};
/* End PBXProject section */

/* Begin PBXResourcesBuildPhase section */
		636F1702267809F100DC6383 /* Resources */ = {
			isa = PBXResourcesBuildPhase;
			buildActionMask = 2147483647;
			files = (
				636F170F267809F200DC6383 /* Preview Assets.xcassets in Resources */,
				63722D65267817A40078DCB4 /* schema.json in Resources */,
				63722D7A2678221B0078DCB4 /* Queries.graphql in Resources */,
				636F170C267809F200DC6383 /* Assets.xcassets in Resources */,
			);
			runOnlyForDeploymentPostprocessing = 0;
		};
		636F1713267809F200DC6383 /* Resources */ = {
			isa = PBXResourcesBuildPhase;
			buildActionMask = 2147483647;
			files = (
			);
			runOnlyForDeploymentPostprocessing = 0;
		};
		636F171E267809F200DC6383 /* Resources */ = {
			isa = PBXResourcesBuildPhase;
			buildActionMask = 2147483647;
			files = (
			);
			runOnlyForDeploymentPostprocessing = 0;
		};
/* End PBXResourcesBuildPhase section */

/* Begin PBXShellScriptBuildPhase section */
		63722D6926781FF50078DCB4 /* Generate Apollo GraphQL API */ = {
			isa = PBXShellScriptBuildPhase;
			buildActionMask = 2147483647;
			files = (
			);
			inputFileListPaths = (
			);
			inputPaths = (
			);
			name = "Generate Apollo GraphQL API";
			outputFileListPaths = (
			);
			outputPaths = (
			);
			runOnlyForDeploymentPostprocessing = 0;
			shellPath = /bin/sh;
			shellScript = "# Go to the build root and search up the chain to find the Derived Data Path where the source packages are checked out.\nDERIVED_DATA_CANDIDATE=\"${BUILD_ROOT}\"\n\nwhile ! [ -d \"${DERIVED_DATA_CANDIDATE}/SourcePackages\" ]; do\n  if [ \"${DERIVED_DATA_CANDIDATE}\" = / ]; then\n    echo >&2 \"error: Unable to locate SourcePackages directory from BUILD_ROOT: '${BUILD_ROOT}'\"\n    exit 1\n  fi\n\n  DERIVED_DATA_CANDIDATE=\"$(dirname \"${DERIVED_DATA_CANDIDATE}\")\"\ndone\n\n# Grab a reference to the directory where scripts are checked out\nSCRIPT_PATH=\"${DERIVED_DATA_CANDIDATE}/SourcePackages/checkouts/apollo-ios/scripts\"\n\nif [ -z \"${SCRIPT_PATH}\" ]; then\n    echo >&2 \"error: Couldn't find the CLI script in your checked out SPM packages; make sure to add the framework to your project.\"\n    exit 1\nfi\n\ncd \"${SRCROOT}/${TARGET_NAME}\"\n\"${SCRIPT_PATH}\"/run-bundled-codegen.sh codegen:generate --target=swift --includes=./**/*.graphql --localSchemaFile=\"schema.json\" API.swift\n";
		};
/* End PBXShellScriptBuildPhase section */

/* Begin PBXSourcesBuildPhase section */
		636F1700267809F100DC6383 /* Sources */ = {
			isa = PBXSourcesBuildPhase;
			buildActionMask = 2147483647;
			files = (
				636F170A267809F100DC6383 /* ContentView.swift in Sources */,
				63810E0B267CBE3300B86FD5 /* ImageCache.swift in Sources */,
				63722D782678221B0078DCB4 /* Apollo.swift in Sources */,
				635466182679D41A007B98CD /* ProfileHeaderView.swift in Sources */,
				633B96C0267AC2E600FC88DB /* GitUser.swift in Sources */,
				63810E00267CAAC000B86FD5 /* UrlImageModel.swift in Sources */,
				63351AFF267B134D00F27D85 /* CardViewModel.swift in Sources */,
				635466252679EC2C007B98CD /* ContentViewModel.swift in Sources */,
				6344F9E726782A5300D608CB /* API.swift in Sources */,
				6354662D267A00C4007B98CD /* ProfileHeaderViewModel.swift in Sources */,
				635466202679D6B9007B98CD /* CardView.swift in Sources */,
				636F1708267809F100DC6383 /* Github_ProfileApp.swift in Sources */,
				63B2C31A2682B6B800955720 /* SectionHeaderView.swift in Sources */,
			);
			runOnlyForDeploymentPostprocessing = 0;
		};
		636F1711267809F200DC6383 /* Sources */ = {
			isa = PBXSourcesBuildPhase;
			buildActionMask = 2147483647;
			files = (
				636F171A267809F200DC6383 /* Github_ProfileTests.swift in Sources */,
			);
			runOnlyForDeploymentPostprocessing = 0;
		};
		636F171C267809F200DC6383 /* Sources */ = {
			isa = PBXSourcesBuildPhase;
			buildActionMask = 2147483647;
			files = (
				636F1725267809F200DC6383 /* Github_ProfileUITests.swift in Sources */,
			);
			runOnlyForDeploymentPostprocessing = 0;
		};
/* End PBXSourcesBuildPhase section */

/* Begin PBXTargetDependency section */
		636F1717267809F200DC6383 /* PBXTargetDependency */ = {
			isa = PBXTargetDependency;
			target = 636F1703267809F100DC6383 /* Github Profile */;
			targetProxy = 636F1716267809F200DC6383 /* PBXContainerItemProxy */;
		};
		636F1722267809F200DC6383 /* PBXTargetDependency */ = {
			isa = PBXTargetDependency;
			target = 636F1703267809F100DC6383 /* Github Profile */;
			targetProxy = 636F1721267809F200DC6383 /* PBXContainerItemProxy */;
		};
/* End PBXTargetDependency section */

/* Begin XCBuildConfiguration section */
		636F1727267809F200DC6383 /* Debug */ = {
			isa = XCBuildConfiguration;
			buildSettings = {
				ALWAYS_SEARCH_USER_PATHS = NO;
				CLANG_ANALYZER_NONNULL = YES;
				CLANG_ANALYZER_NUMBER_OBJECT_CONVERSION = YES_AGGRESSIVE;
				CLANG_CXX_LANGUAGE_STANDARD = "gnu++14";
				CLANG_CXX_LIBRARY = "libc++";
				CLANG_ENABLE_MODULES = YES;
				CLANG_ENABLE_OBJC_ARC = YES;
				CLANG_ENABLE_OBJC_WEAK = YES;
				CLANG_WARN_BLOCK_CAPTURE_AUTORELEASING = YES;
				CLANG_WARN_BOOL_CONVERSION = YES;
				CLANG_WARN_COMMA = YES;
				CLANG_WARN_CONSTANT_CONVERSION = YES;
				CLANG_WARN_DEPRECATED_OBJC_IMPLEMENTATIONS = YES;
				CLANG_WARN_DIRECT_OBJC_ISA_USAGE = YES_ERROR;
				CLANG_WARN_DOCUMENTATION_COMMENTS = YES;
				CLANG_WARN_EMPTY_BODY = YES;
				CLANG_WARN_ENUM_CONVERSION = YES;
				CLANG_WARN_INFINITE_RECURSION = YES;
				CLANG_WARN_INT_CONVERSION = YES;
				CLANG_WARN_NON_LITERAL_NULL_CONVERSION = YES;
				CLANG_WARN_OBJC_IMPLICIT_RETAIN_SELF = YES;
				CLANG_WARN_OBJC_LITERAL_CONVERSION = YES;
				CLANG_WARN_OBJC_ROOT_CLASS = YES_ERROR;
				CLANG_WARN_QUOTED_INCLUDE_IN_FRAMEWORK_HEADER = YES;
				CLANG_WARN_RANGE_LOOP_ANALYSIS = YES;
				CLANG_WARN_STRICT_PROTOTYPES = YES;
				CLANG_WARN_SUSPICIOUS_MOVE = YES;
				CLANG_WARN_UNGUARDED_AVAILABILITY = YES_AGGRESSIVE;
				CLANG_WARN_UNREACHABLE_CODE = YES;
				CLANG_WARN__DUPLICATE_METHOD_MATCH = YES;
				COPY_PHASE_STRIP = NO;
				DEBUG_INFORMATION_FORMAT = dwarf;
				ENABLE_STRICT_OBJC_MSGSEND = YES;
				ENABLE_TESTABILITY = YES;
				GCC_C_LANGUAGE_STANDARD = gnu11;
				GCC_DYNAMIC_NO_PIC = NO;
				GCC_NO_COMMON_BLOCKS = YES;
				GCC_OPTIMIZATION_LEVEL = 0;
				GCC_PREPROCESSOR_DEFINITIONS = (
					"DEBUG=1",
					"$(inherited)",
				);
				GCC_WARN_64_TO_32_BIT_CONVERSION = YES;
				GCC_WARN_ABOUT_RETURN_TYPE = YES_ERROR;
				GCC_WARN_UNDECLARED_SELECTOR = YES;
				GCC_WARN_UNINITIALIZED_AUTOS = YES_AGGRESSIVE;
				GCC_WARN_UNUSED_FUNCTION = YES;
				GCC_WARN_UNUSED_VARIABLE = YES;
				IPHONEOS_DEPLOYMENT_TARGET = 14.4;
				MTL_ENABLE_DEBUG_INFO = INCLUDE_SOURCE;
				MTL_FAST_MATH = YES;
				ONLY_ACTIVE_ARCH = YES;
				SDKROOT = iphoneos;
				SWIFT_ACTIVE_COMPILATION_CONDITIONS = DEBUG;
				SWIFT_OPTIMIZATION_LEVEL = "-Onone";
			};
			name = Debug;
		};
		636F1728267809F200DC6383 /* Release */ = {
			isa = XCBuildConfiguration;
			buildSettings = {
				ALWAYS_SEARCH_USER_PATHS = NO;
				CLANG_ANALYZER_NONNULL = YES;
				CLANG_ANALYZER_NUMBER_OBJECT_CONVERSION = YES_AGGRESSIVE;
				CLANG_CXX_LANGUAGE_STANDARD = "gnu++14";
				CLANG_CXX_LIBRARY = "libc++";
				CLANG_ENABLE_MODULES = YES;
				CLANG_ENABLE_OBJC_ARC = YES;
				CLANG_ENABLE_OBJC_WEAK = YES;
				CLANG_WARN_BLOCK_CAPTURE_AUTORELEASING = YES;
				CLANG_WARN_BOOL_CONVERSION = YES;
				CLANG_WARN_COMMA = YES;
				CLANG_WARN_CONSTANT_CONVERSION = YES;
				CLANG_WARN_DEPRECATED_OBJC_IMPLEMENTATIONS = YES;
				CLANG_WARN_DIRECT_OBJC_ISA_USAGE = YES_ERROR;
				CLANG_WARN_DOCUMENTATION_COMMENTS = YES;
				CLANG_WARN_EMPTY_BODY = YES;
				CLANG_WARN_ENUM_CONVERSION = YES;
				CLANG_WARN_INFINITE_RECURSION = YES;
				CLANG_WARN_INT_CONVERSION = YES;
				CLANG_WARN_NON_LITERAL_NULL_CONVERSION = YES;
				CLANG_WARN_OBJC_IMPLICIT_RETAIN_SELF = YES;
				CLANG_WARN_OBJC_LITERAL_CONVERSION = YES;
				CLANG_WARN_OBJC_ROOT_CLASS = YES_ERROR;
				CLANG_WARN_QUOTED_INCLUDE_IN_FRAMEWORK_HEADER = YES;
				CLANG_WARN_RANGE_LOOP_ANALYSIS = YES;
				CLANG_WARN_STRICT_PROTOTYPES = YES;
				CLANG_WARN_SUSPICIOUS_MOVE = YES;
				CLANG_WARN_UNGUARDED_AVAILABILITY = YES_AGGRESSIVE;
				CLANG_WARN_UNREACHABLE_CODE = YES;
				CLANG_WARN__DUPLICATE_METHOD_MATCH = YES;
				COPY_PHASE_STRIP = NO;
				DEBUG_INFORMATION_FORMAT = "dwarf-with-dsym";
				ENABLE_NS_ASSERTIONS = NO;
				ENABLE_STRICT_OBJC_MSGSEND = YES;
				GCC_C_LANGUAGE_STANDARD = gnu11;
				GCC_NO_COMMON_BLOCKS = YES;
				GCC_WARN_64_TO_32_BIT_CONVERSION = YES;
				GCC_WARN_ABOUT_RETURN_TYPE = YES_ERROR;
				GCC_WARN_UNDECLARED_SELECTOR = YES;
				GCC_WARN_UNINITIALIZED_AUTOS = YES_AGGRESSIVE;
				GCC_WARN_UNUSED_FUNCTION = YES;
				GCC_WARN_UNUSED_VARIABLE = YES;
				IPHONEOS_DEPLOYMENT_TARGET = 14.4;
				MTL_ENABLE_DEBUG_INFO = NO;
				MTL_FAST_MATH = YES;
				SDKROOT = iphoneos;
				SWIFT_COMPILATION_MODE = wholemodule;
				SWIFT_OPTIMIZATION_LEVEL = "-O";
				VALIDATE_PRODUCT = YES;
			};
			name = Release;
		};
		636F172A267809F200DC6383 /* Debug */ = {
			isa = XCBuildConfiguration;
			buildSettings = {
				ASSETCATALOG_COMPILER_APPICON_NAME = AppIcon;
				ASSETCATALOG_COMPILER_GLOBAL_ACCENT_COLOR_NAME = AccentColor;
				CODE_SIGN_STYLE = Automatic;
				DEVELOPMENT_ASSET_PATHS = "\"Github Profile/Preview Content\"";
				DEVELOPMENT_TEAM = U7ADR33282;
				ENABLE_PREVIEWS = YES;
				INFOPLIST_FILE = "Github Profile/Info.plist";
				IPHONEOS_DEPLOYMENT_TARGET = 14.0;
				LD_RUNPATH_SEARCH_PATHS = (
					"$(inherited)",
					"@executable_path/Frameworks",
				);
				PRODUCT_BUNDLE_IDENTIFIER = "lk.anujarosha.Github-Profile";
				PRODUCT_NAME = "$(TARGET_NAME)";
				SWIFT_VERSION = 5.0;
				TARGETED_DEVICE_FAMILY = "1,2";
			};
			name = Debug;
		};
		636F172B267809F200DC6383 /* Release */ = {
			isa = XCBuildConfiguration;
			buildSettings = {
				ASSETCATALOG_COMPILER_APPICON_NAME = AppIcon;
				ASSETCATALOG_COMPILER_GLOBAL_ACCENT_COLOR_NAME = AccentColor;
				CODE_SIGN_STYLE = Automatic;
				DEVELOPMENT_ASSET_PATHS = "\"Github Profile/Preview Content\"";
				DEVELOPMENT_TEAM = U7ADR33282;
				ENABLE_PREVIEWS = YES;
				INFOPLIST_FILE = "Github Profile/Info.plist";
				IPHONEOS_DEPLOYMENT_TARGET = 14.0;
				LD_RUNPATH_SEARCH_PATHS = (
					"$(inherited)",
					"@executable_path/Frameworks",
				);
				PRODUCT_BUNDLE_IDENTIFIER = "lk.anujarosha.Github-Profile";
				PRODUCT_NAME = "$(TARGET_NAME)";
				SWIFT_VERSION = 5.0;
				TARGETED_DEVICE_FAMILY = "1,2";
			};
			name = Release;
		};
		636F172D267809F200DC6383 /* Debug */ = {
			isa = XCBuildConfiguration;
			buildSettings = {
				ALWAYS_EMBED_SWIFT_STANDARD_LIBRARIES = YES;
				BUNDLE_LOADER = "$(TEST_HOST)";
				CODE_SIGN_STYLE = Automatic;
				DEVELOPMENT_TEAM = U7ADR33282;
				INFOPLIST_FILE = "Github ProfileTests/Info.plist";
				IPHONEOS_DEPLOYMENT_TARGET = 14.0;
				LD_RUNPATH_SEARCH_PATHS = (
					"$(inherited)",
					"@executable_path/Frameworks",
					"@loader_path/Frameworks",
				);
				PRODUCT_BUNDLE_IDENTIFIER = "lk.anujarosha.Github-ProfileTests";
				PRODUCT_NAME = "$(TARGET_NAME)";
				SWIFT_VERSION = 5.0;
				TARGETED_DEVICE_FAMILY = "1,2";
				TEST_HOST = "$(BUILT_PRODUCTS_DIR)/Github Profile.app/Github Profile";
			};
			name = Debug;
		};
		636F172E267809F200DC6383 /* Release */ = {
			isa = XCBuildConfiguration;
			buildSettings = {
				ALWAYS_EMBED_SWIFT_STANDARD_LIBRARIES = YES;
				BUNDLE_LOADER = "$(TEST_HOST)";
				CODE_SIGN_STYLE = Automatic;
				DEVELOPMENT_TEAM = U7ADR33282;
				INFOPLIST_FILE = "Github ProfileTests/Info.plist";
				IPHONEOS_DEPLOYMENT_TARGET = 14.0;
				LD_RUNPATH_SEARCH_PATHS = (
					"$(inherited)",
					"@executable_path/Frameworks",
					"@loader_path/Frameworks",
				);
				PRODUCT_BUNDLE_IDENTIFIER = "lk.anujarosha.Github-ProfileTests";
				PRODUCT_NAME = "$(TARGET_NAME)";
				SWIFT_VERSION = 5.0;
				TARGETED_DEVICE_FAMILY = "1,2";
				TEST_HOST = "$(BUILT_PRODUCTS_DIR)/Github Profile.app/Github Profile";
			};
			name = Release;
		};
		636F1730267809F200DC6383 /* Debug */ = {
			isa = XCBuildConfiguration;
			buildSettings = {
				ALWAYS_EMBED_SWIFT_STANDARD_LIBRARIES = YES;
				CODE_SIGN_STYLE = Automatic;
				DEVELOPMENT_TEAM = U7ADR33282;
				INFOPLIST_FILE = "Github ProfileUITests/Info.plist";
				LD_RUNPATH_SEARCH_PATHS = (
					"$(inherited)",
					"@executable_path/Frameworks",
					"@loader_path/Frameworks",
				);
				PRODUCT_BUNDLE_IDENTIFIER = "lk.anujarosha.Github-ProfileUITests";
				PRODUCT_NAME = "$(TARGET_NAME)";
				SWIFT_VERSION = 5.0;
				TARGETED_DEVICE_FAMILY = "1,2";
				TEST_TARGET_NAME = "Github Profile";
			};
			name = Debug;
		};
		636F1731267809F200DC6383 /* Release */ = {
			isa = XCBuildConfiguration;
			buildSettings = {
				ALWAYS_EMBED_SWIFT_STANDARD_LIBRARIES = YES;
				CODE_SIGN_STYLE = Automatic;
				DEVELOPMENT_TEAM = U7ADR33282;
				INFOPLIST_FILE = "Github ProfileUITests/Info.plist";
				LD_RUNPATH_SEARCH_PATHS = (
					"$(inherited)",
					"@executable_path/Frameworks",
					"@loader_path/Frameworks",
				);
				PRODUCT_BUNDLE_IDENTIFIER = "lk.anujarosha.Github-ProfileUITests";
				PRODUCT_NAME = "$(TARGET_NAME)";
				SWIFT_VERSION = 5.0;
				TARGETED_DEVICE_FAMILY = "1,2";
				TEST_TARGET_NAME = "Github Profile";
			};
			name = Release;
		};
/* End XCBuildConfiguration section */

/* Begin XCConfigurationList section */
		636F16FF267809F100DC6383 /* Build configuration list for PBXProject "Github Profile" */ = {
			isa = XCConfigurationList;
			buildConfigurations = (
				636F1727267809F200DC6383 /* Debug */,
				636F1728267809F200DC6383 /* Release */,
			);
			defaultConfigurationIsVisible = 0;
			defaultConfigurationName = Release;
		};
		636F1729267809F200DC6383 /* Build configuration list for PBXNativeTarget "Github Profile" */ = {
			isa = XCConfigurationList;
			buildConfigurations = (
				636F172A267809F200DC6383 /* Debug */,
				636F172B267809F200DC6383 /* Release */,
			);
			defaultConfigurationIsVisible = 0;
			defaultConfigurationName = Release;
		};
		636F172C267809F200DC6383 /* Build configuration list for PBXNativeTarget "Github ProfileTests" */ = {
			isa = XCConfigurationList;
			buildConfigurations = (
				636F172D267809F200DC6383 /* Debug */,
				636F172E267809F200DC6383 /* Release */,
			);
			defaultConfigurationIsVisible = 0;
			defaultConfigurationName = Release;
		};
		636F172F267809F200DC6383 /* Build configuration list for PBXNativeTarget "Github ProfileUITests" */ = {
			isa = XCConfigurationList;
			buildConfigurations = (
				636F1730267809F200DC6383 /* Debug */,
				636F1731267809F200DC6383 /* Release */,
			);
			defaultConfigurationIsVisible = 0;
			defaultConfigurationName = Release;
		};
/* End XCConfigurationList section */

/* Begin XCRemoteSwiftPackageReference section */
		63722D56267816470078DCB4 /* XCRemoteSwiftPackageReference "apollo-ios" */ = {
			isa = XCRemoteSwiftPackageReference;
			repositoryURL = "https://github.com/apollographql/apollo-ios.git";
			requirement = {
				kind = upToNextMinorVersion;
				minimumVersion = 0.43.0;
			};
		};
/* End XCRemoteSwiftPackageReference section */

/* Begin XCSwiftPackageProductDependency section */
		63722D57267816470078DCB4 /* ApolloCore */ = {
			isa = XCSwiftPackageProductDependency;
			package = 63722D56267816470078DCB4 /* XCRemoteSwiftPackageReference "apollo-ios" */;
			productName = ApolloCore;
		};
		63722D59267816470078DCB4 /* ApolloSQLite */ = {
			isa = XCSwiftPackageProductDependency;
			package = 63722D56267816470078DCB4 /* XCRemoteSwiftPackageReference "apollo-ios" */;
			productName = ApolloSQLite;
		};
		63722D5B267816470078DCB4 /* ApolloWebSocket */ = {
			isa = XCSwiftPackageProductDependency;
			package = 63722D56267816470078DCB4 /* XCRemoteSwiftPackageReference "apollo-ios" */;
			productName = ApolloWebSocket;
		};
		63722D5D267816470078DCB4 /* Apollo */ = {
			isa = XCSwiftPackageProductDependency;
			package = 63722D56267816470078DCB4 /* XCRemoteSwiftPackageReference "apollo-ios" */;
			productName = Apollo;
		};
		63722D5F267816470078DCB4 /* ApolloCodegenLib */ = {
			isa = XCSwiftPackageProductDependency;
			package = 63722D56267816470078DCB4 /* XCRemoteSwiftPackageReference "apollo-ios" */;
			productName = ApolloCodegenLib;
		};
/* End XCSwiftPackageProductDependency section */
	};
	rootObject = 636F16FC267809F100DC6383 /* Project object */;
}
